// !$*UTF8*$!
{
	archiveVersion = 1;
	classes = {
	};
	objectVersion = 46;
	objects = {

/* Begin PBXBuildFile section */
		271CF48519F74CC5008935F5 /* AppDelegate.swift in Sources */ = {isa = PBXBuildFile; fileRef = 271CF48419F74CC5008935F5 /* AppDelegate.swift */; };
		271CF48719F74CC5008935F5 /* ViewController.swift in Sources */ = {isa = PBXBuildFile; fileRef = 271CF48619F74CC5008935F5 /* ViewController.swift */; };
		271CF48A19F74CC5008935F5 /* Main.storyboard in Resources */ = {isa = PBXBuildFile; fileRef = 271CF48819F74CC5008935F5 /* Main.storyboard */; };
		271CF48C19F74CC5008935F5 /* Images.xcassets in Resources */ = {isa = PBXBuildFile; fileRef = 271CF48B19F74CC5008935F5 /* Images.xcassets */; };
		271CF48F19F74CC5008935F5 /* LaunchScreen.xib in Resources */ = {isa = PBXBuildFile; fileRef = 271CF48D19F74CC5008935F5 /* LaunchScreen.xib */; };
		273C7B1319F74EB100227157 /* IntroViewController.swift in Sources */ = {isa = PBXBuildFile; fileRef = 273C7B1219F74EB100227157 /* IntroViewController.swift */; };
		273C7B1519F7556000227157 /* LoginViewController.swift in Sources */ = {isa = PBXBuildFile; fileRef = 273C7B1419F7556000227157 /* LoginViewController.swift */; };
		2744BC8B19FDC39400B7A166 /* Common.swift in Sources */ = {isa = PBXBuildFile; fileRef = 2744BC8A19FDC39400B7A166 /* Common.swift */; };
		2744BC8D19FDE08300B7A166 /* OnboardViewController.swift in Sources */ = {isa = PBXBuildFile; fileRef = 2744BC8C19FDE08300B7A166 /* OnboardViewController.swift */; };
		27C320F919FF56200074C5F2 /* GalleryViewController.swift in Sources */ = {isa = PBXBuildFile; fileRef = 27C320F819FF56200074C5F2 /* GalleryViewController.swift */; };
		27C320FB19FF570B0074C5F2 /* ConversationViewController.swift in Sources */ = {isa = PBXBuildFile; fileRef = 27C320FA19FF570B0074C5F2 /* ConversationViewController.swift */; };
		27C320FD19FF57DA0074C5F2 /* SettingsViewController.swift in Sources */ = {isa = PBXBuildFile; fileRef = 27C320FC19FF57DA0074C5F2 /* SettingsViewController.swift */; };
		27C320FF19FF5D200074C5F2 /* CreateViewController.swift in Sources */ = {isa = PBXBuildFile; fileRef = 27C320FE19FF5D200074C5F2 /* CreateViewController.swift */; };
		D9E550BB1A006B820081DF8E /* Karousel2 in Resources */ = {isa = PBXBuildFile; fileRef = D9E550BA1A006B820081DF8E /* Karousel2 */; };
/* End PBXBuildFile section */

/* Begin PBXFileReference section */
		271CF47F19F74CC5008935F5 /* Karousel2.app */ = {isa = PBXFileReference; explicitFileType = wrapper.application; includeInIndex = 0; path = Karousel2.app; sourceTree = BUILT_PRODUCTS_DIR; };
		271CF48319F74CC5008935F5 /* Info.plist */ = {isa = PBXFileReference; lastKnownFileType = text.plist.xml; path = Info.plist; sourceTree = "<group>"; };
		271CF48419F74CC5008935F5 /* AppDelegate.swift */ = {isa = PBXFileReference; lastKnownFileType = sourcecode.swift; path = AppDelegate.swift; sourceTree = "<group>"; };
		271CF48619F74CC5008935F5 /* ViewController.swift */ = {isa = PBXFileReference; lastKnownFileType = sourcecode.swift; path = ViewController.swift; sourceTree = "<group>"; };
		271CF48919F74CC5008935F5 /* Base */ = {isa = PBXFileReference; lastKnownFileType = file.storyboard; name = Base; path = Base.lproj/Main.storyboard; sourceTree = "<group>"; };
		271CF48B19F74CC5008935F5 /* Images.xcassets */ = {isa = PBXFileReference; lastKnownFileType = folder.assetcatalog; path = Images.xcassets; sourceTree = "<group>"; };
		271CF48E19F74CC5008935F5 /* Base */ = {isa = PBXFileReference; lastKnownFileType = file.xib; name = Base; path = Base.lproj/LaunchScreen.xib; sourceTree = "<group>"; };
		271CF49919F74CC5008935F5 /* Info.plist */ = {isa = PBXFileReference; lastKnownFileType = text.plist.xml; path = Info.plist; sourceTree = "<group>"; };
		271CF49A19F74CC5008935F5 /* _0141021_CarouselTests.swift */ = {isa = PBXFileReference; lastKnownFileType = sourcecode.swift; path = _0141021_CarouselTests.swift; sourceTree = "<group>"; };
		273C7B1219F74EB100227157 /* IntroViewController.swift */ = {isa = PBXFileReference; fileEncoding = 4; lastKnownFileType = sourcecode.swift; path = IntroViewController.swift; sourceTree = "<group>"; };
		273C7B1419F7556000227157 /* LoginViewController.swift */ = {isa = PBXFileReference; fileEncoding = 4; lastKnownFileType = sourcecode.swift; path = LoginViewController.swift; sourceTree = "<group>"; };
		2744BC8A19FDC39400B7A166 /* Common.swift */ = {isa = PBXFileReference; fileEncoding = 4; lastKnownFileType = sourcecode.swift; path = Common.swift; sourceTree = "<group>"; };
		2744BC8C19FDE08300B7A166 /* OnboardViewController.swift */ = {isa = PBXFileReference; fileEncoding = 4; lastKnownFileType = sourcecode.swift; path = OnboardViewController.swift; sourceTree = "<group>"; };
		27C320F819FF56200074C5F2 /* GalleryViewController.swift */ = {isa = PBXFileReference; fileEncoding = 4; lastKnownFileType = sourcecode.swift; path = GalleryViewController.swift; sourceTree = "<group>"; };
		27C320FA19FF570B0074C5F2 /* ConversationViewController.swift */ = {isa = PBXFileReference; fileEncoding = 4; lastKnownFileType = sourcecode.swift; path = ConversationViewController.swift; sourceTree = "<group>"; };
		27C320FC19FF57DA0074C5F2 /* SettingsViewController.swift */ = {isa = PBXFileReference; fileEncoding = 4; lastKnownFileType = sourcecode.swift; path = SettingsViewController.swift; sourceTree = "<group>"; };
		27C320FE19FF5D200074C5F2 /* CreateViewController.swift */ = {isa = PBXFileReference; fileEncoding = 4; lastKnownFileType = sourcecode.swift; path = CreateViewController.swift; sourceTree = "<group>"; };
		D9E550BA1A006B820081DF8E /* Karousel2 */ = {isa = PBXFileReference; fileEncoding = 4; lastKnownFileType = text; name = Karousel2; path = ../../../../Documents/Development/Karousel2; sourceTree = "<group>"; };
/* End PBXFileReference section */

/* Begin PBXFrameworksBuildPhase section */
		271CF47C19F74CC5008935F5 /* Frameworks */ = {
			isa = PBXFrameworksBuildPhase;
			buildActionMask = 2147483647;
			files = (
			);
			runOnlyForDeploymentPostprocessing = 0;
		};
/* End PBXFrameworksBuildPhase section */

/* Begin PBXGroup section */
		271CF47619F74CC5008935F5 = {
			isa = PBXGroup;
			children = (
				271CF48119F74CC5008935F5 /* Karousel2 */,
				271CF49719F74CC5008935F5 /* 20141021_CarouselTests */,
				271CF48019F74CC5008935F5 /* Products */,
			);
			sourceTree = "<group>";
		};
		271CF48019F74CC5008935F5 /* Products */ = {
			isa = PBXGroup;
			children = (
				271CF47F19F74CC5008935F5 /* Karousel2.app */,
			);
			name = Products;
			sourceTree = "<group>";
		};
		271CF48119F74CC5008935F5 /* Karousel2 */ = {
			isa = PBXGroup;
			children = (
				2744BC8A19FDC39400B7A166 /* Common.swift */,
				271CF48419F74CC5008935F5 /* AppDelegate.swift */,
				271CF48619F74CC5008935F5 /* ViewController.swift */,
				271CF48819F74CC5008935F5 /* Main.storyboard */,
				271CF48B19F74CC5008935F5 /* Images.xcassets */,
				271CF48D19F74CC5008935F5 /* LaunchScreen.xib */,
				271CF48219F74CC5008935F5 /* Supporting Files */,
				273C7B1219F74EB100227157 /* IntroViewController.swift */,
				273C7B1419F7556000227157 /* LoginViewController.swift */,
				2744BC8C19FDE08300B7A166 /* OnboardViewController.swift */,
				27C320F819FF56200074C5F2 /* GalleryViewController.swift */,
				27C320FA19FF570B0074C5F2 /* ConversationViewController.swift */,
				27C320FC19FF57DA0074C5F2 /* SettingsViewController.swift */,
				27C320FE19FF5D200074C5F2 /* CreateViewController.swift */,
				D9E550BA1A006B820081DF8E /* Karousel2 */,
			);
			name = Karousel2;
			path = 20141021_Carousel;
			sourceTree = "<group>";
		};
		271CF48219F74CC5008935F5 /* Supporting Files */ = {
			isa = PBXGroup;
			children = (
				271CF48319F74CC5008935F5 /* Info.plist */,
			);
			name = "Supporting Files";
			sourceTree = "<group>";
		};
		271CF49719F74CC5008935F5 /* 20141021_CarouselTests */ = {
			isa = PBXGroup;
			children = (
				271CF49A19F74CC5008935F5 /* _0141021_CarouselTests.swift */,
				271CF49819F74CC5008935F5 /* Supporting Files */,
			);
			path = 20141021_CarouselTests;
			sourceTree = "<group>";
		};
		271CF49819F74CC5008935F5 /* Supporting Files */ = {
			isa = PBXGroup;
			children = (
				271CF49919F74CC5008935F5 /* Info.plist */,
			);
			name = "Supporting Files";
			sourceTree = "<group>";
		};
/* End PBXGroup section */

/* Begin PBXNativeTarget section */
		271CF47E19F74CC5008935F5 /* Karousel2 */ = {
			isa = PBXNativeTarget;
			buildConfigurationList = 271CF49E19F74CC5008935F5 /* Build configuration list for PBXNativeTarget "Karousel2" */;
			buildPhases = (
				271CF47B19F74CC5008935F5 /* Sources */,
				271CF47C19F74CC5008935F5 /* Frameworks */,
				271CF47D19F74CC5008935F5 /* Resources */,
			);
			buildRules = (
			);
			dependencies = (
			);
			name = Karousel2;
			productName = 20141021_Carousel;
			productReference = 271CF47F19F74CC5008935F5 /* Karousel2.app */;
			productType = "com.apple.product-type.application";
		};
/* End PBXNativeTarget section */

/* Begin PBXProject section */
		271CF47719F74CC5008935F5 /* Project object */ = {
			isa = PBXProject;
			attributes = {
				LastUpgradeCheck = 0600;
				ORGANIZATIONNAME = "Hoyd Breton";
				TargetAttributes = {
					271CF47E19F74CC5008935F5 = {
						CreatedOnToolsVersion = 6.0;
					};
				};
			};
			buildConfigurationList = 271CF47A19F74CC5008935F5 /* Build configuration list for PBXProject "Karousel2" */;
			compatibilityVersion = "Xcode 3.2";
			developmentRegion = English;
			hasScannedForEncodings = 0;
			knownRegions = (
				en,
				Base,
			);
			mainGroup = 271CF47619F74CC5008935F5;
			productRefGroup = 271CF48019F74CC5008935F5 /* Products */;
			projectDirPath = "";
			projectRoot = "";
			targets = (
				271CF47E19F74CC5008935F5 /* Karousel2 */,
			);
		};
/* End PBXProject section */

/* Begin PBXResourcesBuildPhase section */
		271CF47D19F74CC5008935F5 /* Resources */ = {
			isa = PBXResourcesBuildPhase;
			buildActionMask = 2147483647;
			files = (
				271CF48A19F74CC5008935F5 /* Main.storyboard in Resources */,
				D9E550BB1A006B820081DF8E /* Karousel2 in Resources */,
				271CF48F19F74CC5008935F5 /* LaunchScreen.xib in Resources */,
				271CF48C19F74CC5008935F5 /* Images.xcassets in Resources */,
			);
			runOnlyForDeploymentPostprocessing = 0;
		};
/* End PBXResourcesBuildPhase section */

/* Begin PBXSourcesBuildPhase section */
		271CF47B19F74CC5008935F5 /* Sources */ = {
			isa = PBXSourcesBuildPhase;
			buildActionMask = 2147483647;
			files = (
				27C320FF19FF5D200074C5F2 /* CreateViewController.swift in Sources */,
				273C7B1519F7556000227157 /* LoginViewController.swift in Sources */,
				27C320F919FF56200074C5F2 /* GalleryViewController.swift in Sources */,
				27C320FB19FF570B0074C5F2 /* ConversationViewController.swift in Sources */,
				273C7B1319F74EB100227157 /* IntroViewController.swift in Sources */,
				2744BC8D19FDE08300B7A166 /* OnboardViewController.swift in Sources */,
				271CF48719F74CC5008935F5 /* ViewController.swift in Sources */,
				2744BC8B19FDC39400B7A166 /* Common.swift in Sources */,
				271CF48519F74CC5008935F5 /* AppDelegate.swift in Sources */,
				27C320FD19FF57DA0074C5F2 /* SettingsViewController.swift in Sources */,
			);
			runOnlyForDeploymentPostprocessing = 0;
		};
/* End PBXSourcesBuildPhase section */

/* Begin PBXVariantGroup section */
		271CF48819F74CC5008935F5 /* Main.storyboard */ = {
			isa = PBXVariantGroup;
			children = (
				271CF48919F74CC5008935F5 /* Base */,
			);
			name = Main.storyboard;
			sourceTree = "<group>";
		};
		271CF48D19F74CC5008935F5 /* LaunchScreen.xib */ = {
			isa = PBXVariantGroup;
			children = (
				271CF48E19F74CC5008935F5 /* Base */,
			);
			name = LaunchScreen.xib;
			sourceTree = "<group>";
		};
/* End PBXVariantGroup section */

/* Begin XCBuildConfiguration section */
		271CF49C19F74CC5008935F5 /* Debug */ = {
			isa = XCBuildConfiguration;
			buildSettings = {
				ALWAYS_SEARCH_USER_PATHS = NO;
				CLANG_CXX_LANGUAGE_STANDARD = "gnu++0x";
				CLANG_CXX_LIBRARY = "libc++";
				CLANG_ENABLE_MODULES = YES;
				CLANG_ENABLE_OBJC_ARC = YES;
				CLANG_WARN_BOOL_CONVERSION = YES;
				CLANG_WARN_CONSTANT_CONVERSION = YES;
				CLANG_WARN_DIRECT_OBJC_ISA_USAGE = YES_ERROR;
				CLANG_WARN_EMPTY_BODY = YES;
				CLANG_WARN_ENUM_CONVERSION = YES;
				CLANG_WARN_INT_CONVERSION = YES;
				CLANG_WARN_OBJC_ROOT_CLASS = YES_ERROR;
				CLANG_WARN_UNREACHABLE_CODE = YES;
				CLANG_WARN__DUPLICATE_METHOD_MATCH = YES;
				"CODE_SIGN_IDENTITY[sdk=iphoneos*]" = "iPhone Developer";
				COPY_PHASE_STRIP = NO;
				ENABLE_STRICT_OBJC_MSGSEND = YES;
				GCC_C_LANGUAGE_STANDARD = gnu99;
				GCC_DYNAMIC_NO_PIC = NO;
				GCC_OPTIMIZATION_LEVEL = 0;
				GCC_PREPROCESSOR_DEFINITIONS = (
					"DEBUG=1",
					"$(inherited)",
				);
				GCC_SYMBOLS_PRIVATE_EXTERN = NO;
				GCC_WARN_64_TO_32_BIT_CONVERSION = YES;
				GCC_WARN_ABOUT_RETURN_TYPE = YES_ERROR;
				GCC_WARN_UNDECLARED_SELECTOR = YES;
				GCC_WARN_UNINITIALIZED_AUTOS = YES_AGGRESSIVE;
				GCC_WARN_UNUSED_FUNCTION = YES;
				GCC_WARN_UNUSED_VARIABLE = YES;
				IPHONEOS_DEPLOYMENT_TARGET = 8.0;
				MTL_ENABLE_DEBUG_INFO = YES;
				ONLY_ACTIVE_ARCH = YES;
				SDKROOT = iphoneos;
				SWIFT_OPTIMIZATION_LEVEL = "-Onone";
			};
			name = Debug;
		};
		271CF49D19F74CC5008935F5 /* Release */ = {
			isa = XCBuildConfiguration;
			buildSettings = {
				ALWAYS_SEARCH_USER_PATHS = NO;
				CLANG_CXX_LANGUAGE_STANDARD = "gnu++0x";
				CLANG_CXX_LIBRARY = "libc++";
				CLANG_ENABLE_MODULES = YES;
				CLANG_ENABLE_OBJC_ARC = YES;
				CLANG_WARN_BOOL_CONVERSION = YES;
				CLANG_WARN_CONSTANT_CONVERSION = YES;
				CLANG_WARN_DIRECT_OBJC_ISA_USAGE = YES_ERROR;
				CLANG_WARN_EMPTY_BODY = YES;
				CLANG_WARN_ENUM_CONVERSION = YES;
				CLANG_WARN_INT_CONVERSION = YES;
				CLANG_WARN_OBJC_ROOT_CLASS = YES_ERROR;
				CLANG_WARN_UNREACHABLE_CODE = YES;
				CLANG_WARN__DUPLICATE_METHOD_MATCH = YES;
				"CODE_SIGN_IDENTITY[sdk=iphoneos*]" = "iPhone Developer";
				COPY_PHASE_STRIP = YES;
				ENABLE_NS_ASSERTIONS = NO;
				ENABLE_STRICT_OBJC_MSGSEND = YES;
				GCC_C_LANGUAGE_STANDARD = gnu99;
				GCC_WARN_64_TO_32_BIT_CONVERSION = YES;
				GCC_WARN_ABOUT_RETURN_TYPE = YES_ERROR;
				GCC_WARN_UNDECLARED_SELECTOR = YES;
				GCC_WARN_UNINITIALIZED_AUTOS = YES_AGGRESSIVE;
				GCC_WARN_UNUSED_FUNCTION = YES;
				GCC_WARN_UNUSED_VARIABLE = YES;
				IPHONEOS_DEPLOYMENT_TARGET = 8.0;
				MTL_ENABLE_DEBUG_INFO = NO;
				SDKROOT = iphoneos;
				VALIDATE_PRODUCT = YES;
			};
			name = Release;
		};
		271CF49F19F74CC5008935F5 /* Debug */ = {
			isa = XCBuildConfiguration;
			buildSettings = {
				ASSETCATALOG_COMPILER_APPICON_NAME = AppIcon;
				INFOPLIST_FILE = 20141021_Carousel/Info.plist;
				IPHONEOS_DEPLOYMENT_TARGET = 7.0;
				LD_RUNPATH_SEARCH_PATHS = "$(inherited) @executable_path/Frameworks";
				PRODUCT_NAME = Karousel2;
			};
			name = Debug;
		};
		271CF4A019F74CC5008935F5 /* Release */ = {
			isa = XCBuildConfiguration;
			buildSettings = {
				ASSETCATALOG_COMPILER_APPICON_NAME = AppIcon;
				INFOPLIST_FILE = 20141021_Carousel/Info.plist;
				IPHONEOS_DEPLOYMENT_TARGET = 7.0;
				LD_RUNPATH_SEARCH_PATHS = "$(inherited) @executable_path/Frameworks";
				PRODUCT_NAME = Karousel2;
			};
			name = Release;
		};
/* End XCBuildConfiguration section */

/* Begin XCConfigurationList section */
		271CF47A19F74CC5008935F5 /* Build configuration list for PBXProject "Karousel2" */ = {
			isa = XCConfigurationList;
			buildConfigurations = (
				271CF49C19F74CC5008935F5 /* Debug */,
				271CF49D19F74CC5008935F5 /* Release */,
			);
			defaultConfigurationIsVisible = 0;
			defaultConfigurationName = Release;
		};
		271CF49E19F74CC5008935F5 /* Build configuration list for PBXNativeTarget "Karousel2" */ = {
			isa = XCConfigurationList;
			buildConfigurations = (
				271CF49F19F74CC5008935F5 /* Debug */,
				271CF4A019F74CC5008935F5 /* Release */,
			);
			defaultConfigurationIsVisible = 0;
			defaultConfigurationName = Release;
		};
/* End XCConfigurationList section */
	};
	rootObject = 271CF47719F74CC5008935F5 /* Project object */;
}
